// !$*UTF8*$!
{
	archiveVersion = 1;
	classes = {
	};
	objectVersion = 52;
	objects = {

/* Begin PBXBuildFile section */
		91643FC32613762000A328BA /* RECORDERApp.swift in Sources */ = {isa = PBXBuildFile; fileRef = 91643FC22613762000A328BA /* RECORDERApp.swift */; };
		91643FC52613762000A328BA /* ContentView.swift in Sources */ = {isa = PBXBuildFile; fileRef = 91643FC42613762000A328BA /* ContentView.swift */; };
		91643FC72613762400A328BA /* Assets.xcassets in Resources */ = {isa = PBXBuildFile; fileRef = 91643FC62613762400A328BA /* Assets.xcassets */; };
		91643FCA2613762400A328BA /* Preview Assets.xcassets in Resources */ = {isa = PBXBuildFile; fileRef = 91643FC92613762400A328BA /* Preview Assets.xcassets */; };
		91643FD3261376BC00A328BA /* AUDIORECORDER.swift in Sources */ = {isa = PBXBuildFile; fileRef = 91643FD2261376BC00A328BA /* AUDIORECORDER.swift */; };
		91643FD726137C1B00A328BA /* AudioKit in Frameworks */ = {isa = PBXBuildFile; productRef = 91643FD626137C1B00A328BA /* AudioKit */; };
		91643FDA2613814800A328BA /* Recorder Controller.storyboard in Resources */ = {isa = PBXBuildFile; fileRef = 91643FD92613814800A328BA /* Recorder Controller.storyboard */; };
		91643FDD2613815800A328BA /* Controllerrecorder.swift in Sources */ = {isa = PBXBuildFile; fileRef = 91643FDC2613815800A328BA /* Controllerrecorder.swift */; };
		91643FE0261382E300A328BA /* RecordView.swift in Sources */ = {isa = PBXBuildFile; fileRef = 91643FDF261382E300A328BA /* RecordView.swift */; };
		91643FE3261386DB00A328BA /* LibraryController.swift in Sources */ = {isa = PBXBuildFile; fileRef = 91643FE2261386DB00A328BA /* LibraryController.swift */; };
		91643FE626138A2700A328BA /* LibraryView.swift in Sources */ = {isa = PBXBuildFile; fileRef = 91643FE526138A2700A328BA /* LibraryView.swift */; };
/* End PBXBuildFile section */

/* Begin PBXFileReference section */
		91643FBF2613762000A328BA /* RECORDER.app */ = {isa = PBXFileReference; explicitFileType = wrapper.application; includeInIndex = 0; path = RECORDER.app; sourceTree = BUILT_PRODUCTS_DIR; };
		91643FC22613762000A328BA /* RECORDERApp.swift */ = {isa = PBXFileReference; lastKnownFileType = sourcecode.swift; path = RECORDERApp.swift; sourceTree = "<group>"; };
		91643FC42613762000A328BA /* ContentView.swift */ = {isa = PBXFileReference; lastKnownFileType = sourcecode.swift; path = ContentView.swift; sourceTree = "<group>"; };
		91643FC62613762400A328BA /* Assets.xcassets */ = {isa = PBXFileReference; lastKnownFileType = folder.assetcatalog; path = Assets.xcassets; sourceTree = "<group>"; };
		91643FC92613762400A328BA /* Preview Assets.xcassets */ = {isa = PBXFileReference; lastKnownFileType = folder.assetcatalog; path = "Preview Assets.xcassets"; sourceTree = "<group>"; };
		91643FCB2613762400A328BA /* Info.plist */ = {isa = PBXFileReference; lastKnownFileType = text.plist.xml; path = Info.plist; sourceTree = "<group>"; };
		91643FD2261376BC00A328BA /* AUDIORECORDER.swift */ = {isa = PBXFileReference; lastKnownFileType = sourcecode.swift; path = AUDIORECORDER.swift; sourceTree = "<group>"; };
		91643FD92613814800A328BA /* Recorder Controller.storyboard */ = {isa = PBXFileReference; lastKnownFileType = file.storyboard; path = "Recorder Controller.storyboard"; sourceTree = "<group>"; };
		91643FDC2613815800A328BA /* Controllerrecorder.swift */ = {isa = PBXFileReference; lastKnownFileType = sourcecode.swift; path = Controllerrecorder.swift; sourceTree = "<group>"; };
		91643FDF261382E300A328BA /* RecordView.swift */ = {isa = PBXFileReference; lastKnownFileType = sourcecode.swift; path = RecordView.swift; sourceTree = "<group>"; };
		91643FE2261386DB00A328BA /* LibraryController.swift */ = {isa = PBXFileReference; lastKnownFileType = sourcecode.swift; path = LibraryController.swift; sourceTree = "<group>"; };
		91643FE526138A2700A328BA /* LibraryView.swift */ = {isa = PBXFileReference; lastKnownFileType = sourcecode.swift; path = LibraryView.swift; sourceTree = "<group>"; };
/* End PBXFileReference section */

/* Begin PBXFrameworksBuildPhase section */
		91643FBC2613762000A328BA /* Frameworks */ = {
			isa = PBXFrameworksBuildPhase;
			buildActionMask = 2147483647;
			files = (
				91643FD726137C1B00A328BA /* AudioKit in Frameworks */,
			);
			runOnlyForDeploymentPostprocessing = 0;
		};
/* End PBXFrameworksBuildPhase section */

/* Begin PBXGroup section */
		91643FB62613762000A328BA = {
			isa = PBXGroup;
			children = (
				91643FC12613762000A328BA /* RECORDER */,
				91643FC02613762000A328BA /* Products */,
			);
			sourceTree = "<group>";
		};
		91643FC02613762000A328BA /* Products */ = {
			isa = PBXGroup;
			children = (
				91643FBF2613762000A328BA /* RECORDER.app */,
			);
			name = Products;
			sourceTree = "<group>";
		};
		91643FC12613762000A328BA /* RECORDER */ = {
			isa = PBXGroup;
			children = (
				91643FC22613762000A328BA /* RECORDERApp.swift */,
				91643FC42613762000A328BA /* ContentView.swift */,
				91643FC62613762400A328BA /* Assets.xcassets */,
				91643FCB2613762400A328BA /* Info.plist */,
				91643FC82613762400A328BA /* Preview Content */,
				91643FD2261376BC00A328BA /* AUDIORECORDER.swift */,
				91643FD92613814800A328BA /* Recorder Controller.storyboard */,
				91643FDC2613815800A328BA /* Controllerrecorder.swift */,
				91643FDF261382E300A328BA /* RecordView.swift */,
				91643FE2261386DB00A328BA /* LibraryController.swift */,
				91643FE526138A2700A328BA /* LibraryView.swift */,
			);
			path = RECORDER;
			sourceTree = "<group>";
		};
		91643FC82613762400A328BA /* Preview Content */ = {
			isa = PBXGroup;
			children = (
				91643FC92613762400A328BA /* Preview Assets.xcassets */,
			);
			path = "Preview Content";
			sourceTree = "<group>";
		};
/* End PBXGroup section */

/* Begin PBXNativeTarget section */
		91643FBE2613762000A328BA /* RECORDER */ = {
			isa = PBXNativeTarget;
			buildConfigurationList = 91643FCE2613762400A328BA /* Build configuration list for PBXNativeTarget "RECORDER" */;
			buildPhases = (
				91643FBB2613762000A328BA /* Sources */,
				91643FBC2613762000A328BA /* Frameworks */,
				91643FBD2613762000A328BA /* Resources */,
			);
			buildRules = (
			);
			dependencies = (
			);
			name = RECORDER;
			packageProductDependencies = (
				91643FD626137C1B00A328BA /* AudioKit */,
			);
			productName = RECORDER;
			productReference = 91643FBF2613762000A328BA /* RECORDER.app */;
			productType = "com.apple.product-type.application";
		};
/* End PBXNativeTarget section */

/* Begin PBXProject section */
		91643FB72613762000A328BA /* Project object */ = {
			isa = PBXProject;
			attributes = {
				LastSwiftUpdateCheck = 1230;
				LastUpgradeCheck = 1230;
				TargetAttributes = {
					91643FBE2613762000A328BA = {
						CreatedOnToolsVersion = 12.3;
					};
				};
			};
			buildConfigurationList = 91643FBA2613762000A328BA /* Build configuration list for PBXProject "RECORDER" */;
			compatibilityVersion = "Xcode 9.3";
			developmentRegion = en;
			hasScannedForEncodings = 0;
			knownRegions = (
				en,
				Base,
			);
			mainGroup = 91643FB62613762000A328BA;
			packageReferences = (
				91643FD526137C1B00A328BA /* XCRemoteSwiftPackageReference "AudioKit" */,
			);
			productRefGroup = 91643FC02613762000A328BA /* Products */;
			projectDirPath = "";
			projectRoot = "";
			targets = (
				91643FBE2613762000A328BA /* RECORDER */,
			);
		};
/* End PBXProject section */

/* Begin PBXResourcesBuildPhase section */
		91643FBD2613762000A328BA /* Resources */ = {
			isa = PBXResourcesBuildPhase;
			buildActionMask = 2147483647;
			files = (
				91643FCA2613762400A328BA /* Preview Assets.xcassets in Resources */,
				91643FC72613762400A328BA /* Assets.xcassets in Resources */,
				91643FDA2613814800A328BA /* Recorder Controller.storyboard in Resources */,
			);
			runOnlyForDeploymentPostprocessing = 0;
		};
/* End PBXResourcesBuildPhase section */

/* Begin PBXSourcesBuildPhase section */
		91643FBB2613762000A328BA /* Sources */ = {
			isa = PBXSourcesBuildPhase;
			buildActionMask = 2147483647;
			files = (
				91643FE626138A2700A328BA /* LibraryView.swift in Sources */,
				91643FC52613762000A328BA /* ContentView.swift in Sources */,
				91643FE3261386DB00A328BA /* LibraryController.swift in Sources */,
				91643FDD2613815800A328BA /* Controllerrecorder.swift in Sources */,
				91643FD3261376BC00A328BA /* AUDIORECORDER.swift in Sources */,
				91643FE0261382E300A328BA /* RecordView.swift in Sources */,
				91643FC32613762000A328BA /* RECORDERApp.swift in Sources */,
			);
			runOnlyForDeploymentPostprocessing = 0;
		};
/* End PBXSourcesBuildPhase section */

/* Begin XCBuildConfiguration section */
		91643FCC2613762400A328BA /* Debug */ = {
			isa = XCBuildConfiguration;
			buildSettings = {
				ALWAYS_SEARCH_USER_PATHS = NO;
				CLANG_ANALYZER_NONNULL = YES;
				CLANG_ANALYZER_NUMBER_OBJECT_CONVERSION = YES_AGGRESSIVE;
				CLANG_CXX_LANGUAGE_STANDARD = "gnu++14";
				CLANG_CXX_LIBRARY = "libc++";
				CLANG_ENABLE_MODULES = YES;
				CLANG_ENABLE_OBJC_ARC = YES;
				CLANG_ENABLE_OBJC_WEAK = YES;
				CLANG_WARN_BLOCK_CAPTURE_AUTORELEASING = YES;
				CLANG_WARN_BOOL_CONVERSION = YES;
				CLANG_WARN_COMMA = YES;
				CLANG_WARN_CONSTANT_CONVERSION = YES;
				CLANG_WARN_DEPRECATED_OBJC_IMPLEMENTATIONS = YES;
				CLANG_WARN_DIRECT_OBJC_ISA_USAGE = YES_ERROR;
				CLANG_WARN_DOCUMENTATION_COMMENTS = YES;
				CLANG_WARN_EMPTY_BODY = YES;
				CLANG_WARN_ENUM_CONVERSION = YES;
				CLANG_WARN_INFINITE_RECURSION = YES;
				CLANG_WARN_INT_CONVERSION = YES;
				CLANG_WARN_NON_LITERAL_NULL_CONVERSION = YES;
				CLANG_WARN_OBJC_IMPLICIT_RETAIN_SELF = YES;
				CLANG_WARN_OBJC_LITERAL_CONVERSION = YES;
				CLANG_WARN_OBJC_ROOT_CLASS = YES_ERROR;
				CLANG_WARN_QUOTED_INCLUDE_IN_FRAMEWORK_HEADER = YES;
				CLANG_WARN_RANGE_LOOP_ANALYSIS = YES;
				CLANG_WARN_STRICT_PROTOTYPES = YES;
				CLANG_WARN_SUSPICIOUS_MOVE = YES;
				CLANG_WARN_UNGUARDED_AVAILABILITY = YES_AGGRESSIVE;
				CLANG_WARN_UNREACHABLE_CODE = YES;
				CLANG_WARN__DUPLICATE_METHOD_MATCH = YES;
				COPY_PHASE_STRIP = NO;
				DEBUG_INFORMATION_FORMAT = dwarf;
				ENABLE_STRICT_OBJC_MSGSEND = YES;
				ENABLE_TESTABILITY = YES;
				GCC_C_LANGUAGE_STANDARD = gnu11;
				GCC_DYNAMIC_NO_PIC = NO;
				GCC_NO_COMMON_BLOCKS = YES;
				GCC_OPTIMIZATION_LEVEL = 0;
				GCC_PREPROCESSOR_DEFINITIONS = (
					"DEBUG=1",
					"$(inherited)",
				);
				GCC_WARN_64_TO_32_BIT_CONVERSION = YES;
				GCC_WARN_ABOUT_RETURN_TYPE = YES_ERROR;
				GCC_WARN_UNDECLARED_SELECTOR = YES;
				GCC_WARN_UNINITIALIZED_AUTOS = YES_AGGRESSIVE;
				GCC_WARN_UNUSED_FUNCTION = YES;
				GCC_WARN_UNUSED_VARIABLE = YES;
				IPHONEOS_DEPLOYMENT_TARGET = 14.3;
				MTL_ENABLE_DEBUG_INFO = INCLUDE_SOURCE;
				MTL_FAST_MATH = YES;
				ONLY_ACTIVE_ARCH = YES;
				SDKROOT = iphoneos;
				SWIFT_ACTIVE_COMPILATION_CONDITIONS = DEBUG;
				SWIFT_OPTIMIZATION_LEVEL = "-Onone";
			};
			name = Debug;
		};
		91643FCD2613762400A328BA /* Release */ = {
			isa = XCBuildConfiguration;
			buildSettings = {
				ALWAYS_SEARCH_USER_PATHS = NO;
				CLANG_ANALYZER_NONNULL = YES;
				CLANG_ANALYZER_NUMBER_OBJECT_CONVERSION = YES_AGGRESSIVE;
				CLANG_CXX_LANGUAGE_STANDARD = "gnu++14";
				CLANG_CXX_LIBRARY = "libc++";
				CLANG_ENABLE_MODULES = YES;
				CLANG_ENABLE_OBJC_ARC = YES;
				CLANG_ENABLE_OBJC_WEAK = YES;
				CLANG_WARN_BLOCK_CAPTURE_AUTORELEASING = YES;
				CLANG_WARN_BOOL_CONVERSION = YES;
				CLANG_WARN_COMMA = YES;
				CLANG_WARN_CONSTANT_CONVERSION = YES;
				CLANG_WARN_DEPRECATED_OBJC_IMPLEMENTATIONS = YES;
				CLANG_WARN_DIRECT_OBJC_ISA_USAGE = YES_ERROR;
				CLANG_WARN_DOCUMENTATION_COMMENTS = YES;
				CLANG_WARN_EMPTY_BODY = YES;
				CLANG_WARN_ENUM_CONVERSION = YES;
				CLANG_WARN_INFINITE_RECURSION = YES;
				CLANG_WARN_INT_CONVERSION = YES;
				CLANG_WARN_NON_LITERAL_NULL_CONVERSION = YES;
				CLANG_WARN_OBJC_IMPLICIT_RETAIN_SELF = YES;
				CLANG_WARN_OBJC_LITERAL_CONVERSION = YES;
				CLANG_WARN_OBJC_ROOT_CLASS = YES_ERROR;
				CLANG_WARN_QUOTED_INCLUDE_IN_FRAMEWORK_HEADER = YES;
				CLANG_WARN_RANGE_LOOP_ANALYSIS = YES;
				CLANG_WARN_STRICT_PROTOTYPES = YES;
				CLANG_WARN_SUSPICIOUS_MOVE = YES;
				CLANG_WARN_UNGUARDED_AVAILABILITY = YES_AGGRESSIVE;
				CLANG_WARN_UNREACHABLE_CODE = YES;
				CLANG_WARN__DUPLICATE_METHOD_MATCH = YES;
				COPY_PHASE_STRIP = NO;
				DEBUG_INFORMATION_FORMAT = "dwarf-with-dsym";
				ENABLE_NS_ASSERTIONS = NO;
				ENABLE_STRICT_OBJC_MSGSEND = YES;
				GCC_C_LANGUAGE_STANDARD = gnu11;
				GCC_NO_COMMON_BLOCKS = YES;
				GCC_WARN_64_TO_32_BIT_CONVERSION = YES;
				GCC_WARN_ABOUT_RETURN_TYPE = YES_ERROR;
				GCC_WARN_UNDECLARED_SELECTOR = YES;
				GCC_WARN_UNINITIALIZED_AUTOS = YES_AGGRESSIVE;
				GCC_WARN_UNUSED_FUNCTION = YES;
				GCC_WARN_UNUSED_VARIABLE = YES;
				IPHONEOS_DEPLOYMENT_TARGET = 14.3;
				MTL_ENABLE_DEBUG_INFO = NO;
				MTL_FAST_MATH = YES;
				SDKROOT = iphoneos;
				SWIFT_COMPILATION_MODE = wholemodule;
				SWIFT_OPTIMIZATION_LEVEL = "-O";
				VALIDATE_PRODUCT = YES;
			};
			name = Release;
		};
		91643FCF2613762400A328BA /* Debug */ = {
			isa = XCBuildConfiguration;
			buildSettings = {
				ASSETCATALOG_COMPILER_APPICON_NAME = AppIcon;
				ASSETCATALOG_COMPILER_GLOBAL_ACCENT_COLOR_NAME = AccentColor;
				CODE_SIGN_STYLE = Automatic;
				DEVELOPMENT_ASSET_PATHS = "\"RECORDER/Preview Content\"";
				DEVELOPMENT_TEAM = 4J2AAR3A49;
				ENABLE_PREVIEWS = YES;
				INFOPLIST_FILE = RECORDER/Info.plist;
				IPHONEOS_DEPLOYMENT_TARGET = 14.0;
				LD_RUNPATH_SEARCH_PATHS = (
					"$(inherited)",
					"@executable_path/Frameworks",
				);
				PRODUCT_BUNDLE_IDENTIFIER = io.github.dillanhoyos.RECORDER;
				PRODUCT_NAME = "$(TARGET_NAME)";
				SWIFT_VERSION = 5.0;
				TARGETED_DEVICE_FAMILY = "1,2";
			};
			name = Debug;
		};
		91643FD02613762400A328BA /* Release */ = {
			isa = XCBuildConfiguration;
			buildSettings = {
				ASSETCATALOG_COMPILER_APPICON_NAME = AppIcon;
				ASSETCATALOG_COMPILER_GLOBAL_ACCENT_COLOR_NAME = AccentColor;
				CODE_SIGN_STYLE = Automatic;
				DEVELOPMENT_ASSET_PATHS = "\"RECORDER/Preview Content\"";
				DEVELOPMENT_TEAM = 4J2AAR3A49;
				ENABLE_PREVIEWS = YES;
				INFOPLIST_FILE = RECORDER/Info.plist;
				IPHONEOS_DEPLOYMENT_TARGET = 14.0;
				LD_RUNPATH_SEARCH_PATHS = (
					"$(inherited)",
					"@executable_path/Frameworks",
				);
				PRODUCT_BUNDLE_IDENTIFIER = io.github.dillanhoyos.RECORDER;
				PRODUCT_NAME = "$(TARGET_NAME)";
				SWIFT_VERSION = 5.0;
				TARGETED_DEVICE_FAMILY = "1,2";
			};
			name = Release;
		};
/* End XCBuildConfiguration section */

/* Begin XCConfigurationList section */
		91643FBA2613762000A328BA /* Build configuration list for PBXProject "RECORDER" */ = {
			isa = XCConfigurationList;
			buildConfigurations = (
				91643FCC2613762400A328BA /* Debug */,
				91643FCD2613762400A328BA /* Release */,
			);
			defaultConfigurationIsVisible = 0;
			defaultConfigurationName = Release;
		};
		91643FCE2613762400A328BA /* Build configuration list for PBXNativeTarget "RECORDER" */ = {
			isa = XCConfigurationList;
			buildConfigurations = (
				91643FCF2613762400A328BA /* Debug */,
				91643FD02613762400A328BA /* Release */,
			);
			defaultConfigurationIsVisible = 0;
			defaultConfigurationName = Release;
		};
/* End XCConfigurationList section */

/* Begin XCRemoteSwiftPackageReference section */
		91643FD526137C1B00A328BA /* XCRemoteSwiftPackageReference "AudioKit" */ = {
			isa = XCRemoteSwiftPackageReference;
			repositoryURL = "https://github.com/AudioKit/AudioKit";
			requirement = {
				branch = "v5-main";
				kind = branch;
			};
		};
/* End XCRemoteSwiftPackageReference section */

/* Begin XCSwiftPackageProductDependency section */
		91643FD626137C1B00A328BA /* AudioKit */ = {
			isa = XCSwiftPackageProductDependency;
			package = 91643FD526137C1B00A328BA /* XCRemoteSwiftPackageReference "AudioKit" */;
			productName = AudioKit;
		};
/* End XCSwiftPackageProductDependency section */
	};
	rootObject = 91643FB72613762000A328BA /* Project object */;
}
