// !$*UTF8*$!
{
	archiveVersion = 1;
	classes = {
	};
	objectVersion = 52;
	objects = {

/* Begin PBXBuildFile section */
		91B9F16A261FC78F00D16EC2 /* AUDIOVISUALIZERApp.swift in Sources */ = {isa = PBXBuildFile; fileRef = 91B9F169261FC78F00D16EC2 /* AUDIOVISUALIZERApp.swift */; };
		91B9F16C261FC78F00D16EC2 /* ContentView.swift in Sources */ = {isa = PBXBuildFile; fileRef = 91B9F16B261FC78F00D16EC2 /* ContentView.swift */; };
		91B9F16E261FC79300D16EC2 /* Assets.xcassets in Resources */ = {isa = PBXBuildFile; fileRef = 91B9F16D261FC79300D16EC2 /* Assets.xcassets */; };
		91B9F171261FC79300D16EC2 /* Preview Assets.xcassets in Resources */ = {isa = PBXBuildFile; fileRef = 91B9F170261FC79300D16EC2 /* Preview Assets.xcassets */; };
		91B9F17A261FC86200D16EC2 /* SpectralView.swift in Sources */ = {isa = PBXBuildFile; fileRef = 91B9F179261FC86200D16EC2 /* SpectralView.swift */; };
		91B9F17D261FC87300D16EC2 /* WhiteOutController.swift in Sources */ = {isa = PBXBuildFile; fileRef = 91B9F17C261FC87300D16EC2 /* WhiteOutController.swift */; };
		91B9F180261FC88E00D16EC2 /* WhiteOutSynth.swift in Sources */ = {isa = PBXBuildFile; fileRef = 91B9F17F261FC88E00D16EC2 /* WhiteOutSynth.swift */; };
		91B9F189261FCAA400D16EC2 /* AudioKit in Frameworks */ = {isa = PBXBuildFile; productRef = 91B9F188261FCAA400D16EC2 /* AudioKit */; };
/* End PBXBuildFile section */

/* Begin PBXFileReference section */
		91B9F166261FC78F00D16EC2 /* AUDIOVISUALIZER.app */ = {isa = PBXFileReference; explicitFileType = wrapper.application; includeInIndex = 0; path = AUDIOVISUALIZER.app; sourceTree = BUILT_PRODUCTS_DIR; };
		91B9F169261FC78F00D16EC2 /* AUDIOVISUALIZERApp.swift */ = {isa = PBXFileReference; lastKnownFileType = sourcecode.swift; path = AUDIOVISUALIZERApp.swift; sourceTree = "<group>"; };
		91B9F16B261FC78F00D16EC2 /* ContentView.swift */ = {isa = PBXFileReference; lastKnownFileType = sourcecode.swift; path = ContentView.swift; sourceTree = "<group>"; };
		91B9F16D261FC79300D16EC2 /* Assets.xcassets */ = {isa = PBXFileReference; lastKnownFileType = folder.assetcatalog; path = Assets.xcassets; sourceTree = "<group>"; };
		91B9F170261FC79300D16EC2 /* Preview Assets.xcassets */ = {isa = PBXFileReference; lastKnownFileType = folder.assetcatalog; path = "Preview Assets.xcassets"; sourceTree = "<group>"; };
		91B9F179261FC86200D16EC2 /* SpectralView.swift */ = {isa = PBXFileReference; lastKnownFileType = sourcecode.swift; path = SpectralView.swift; sourceTree = "<group>"; };
		91B9F17C261FC87300D16EC2 /* WhiteOutController.swift */ = {isa = PBXFileReference; lastKnownFileType = sourcecode.swift; path = WhiteOutController.swift; sourceTree = "<group>"; };
		91B9F17F261FC88E00D16EC2 /* WhiteOutSynth.swift */ = {isa = PBXFileReference; lastKnownFileType = sourcecode.swift; path = WhiteOutSynth.swift; sourceTree = "<group>"; };
		91B9F185261FC92C00D16EC2 /* en */ = {isa = PBXFileReference; lastKnownFileType = text.plist.xml; name = en; path = en.lproj/Info.plist; sourceTree = "<group>"; };
/* End PBXFileReference section */

/* Begin PBXFrameworksBuildPhase section */
		91B9F163261FC78F00D16EC2 /* Frameworks */ = {
			isa = PBXFrameworksBuildPhase;
			buildActionMask = 2147483647;
			files = (
				91B9F189261FCAA400D16EC2 /* AudioKit in Frameworks */,
			);
			runOnlyForDeploymentPostprocessing = 0;
		};
/* End PBXFrameworksBuildPhase section */

/* Begin PBXGroup section */
		91B9F15D261FC78E00D16EC2 = {
			isa = PBXGroup;
			children = (
				91B9F168261FC78F00D16EC2 /* AUDIOVISUALIZER */,
				91B9F167261FC78F00D16EC2 /* Products */,
			);
			sourceTree = "<group>";
		};
		91B9F167261FC78F00D16EC2 /* Products */ = {
			isa = PBXGroup;
			children = (
				91B9F166261FC78F00D16EC2 /* AUDIOVISUALIZER.app */,
			);
			name = Products;
			sourceTree = "<group>";
		};
		91B9F168261FC78F00D16EC2 /* AUDIOVISUALIZER */ = {
			isa = PBXGroup;
			children = (
				91B9F169261FC78F00D16EC2 /* AUDIOVISUALIZERApp.swift */,
				91B9F16B261FC78F00D16EC2 /* ContentView.swift */,
				91B9F16D261FC79300D16EC2 /* Assets.xcassets */,
				91B9F183261FC8E900D16EC2 /* Info.plist */,
				91B9F16F261FC79300D16EC2 /* Preview Content */,
				91B9F179261FC86200D16EC2 /* SpectralView.swift */,
				91B9F17C261FC87300D16EC2 /* WhiteOutController.swift */,
				91B9F17F261FC88E00D16EC2 /* WhiteOutSynth.swift */,
			);
			path = AUDIOVISUALIZER;
			sourceTree = "<group>";
		};
		91B9F16F261FC79300D16EC2 /* Preview Content */ = {
			isa = PBXGroup;
			children = (
				91B9F170261FC79300D16EC2 /* Preview Assets.xcassets */,
			);
			path = "Preview Content";
			sourceTree = "<group>";
		};
/* End PBXGroup section */

/* Begin PBXNativeTarget section */
		91B9F165261FC78F00D16EC2 /* AUDIOVISUALIZER */ = {
			isa = PBXNativeTarget;
			buildConfigurationList = 91B9F175261FC79300D16EC2 /* Build configuration list for PBXNativeTarget "AUDIOVISUALIZER" */;
			buildPhases = (
				91B9F162261FC78F00D16EC2 /* Sources */,
				91B9F163261FC78F00D16EC2 /* Frameworks */,
				91B9F164261FC78F00D16EC2 /* Resources */,
			);
			buildRules = (
			);
			dependencies = (
			);
			name = AUDIOVISUALIZER;
			packageProductDependencies = (
				91B9F188261FCAA400D16EC2 /* AudioKit */,
			);
			productName = AUDIOVISUALIZER;
			productReference = 91B9F166261FC78F00D16EC2 /* AUDIOVISUALIZER.app */;
			productType = "com.apple.product-type.application";
		};
/* End PBXNativeTarget section */

/* Begin PBXProject section */
		91B9F15E261FC78F00D16EC2 /* Project object */ = {
			isa = PBXProject;
			attributes = {
				LastSwiftUpdateCheck = 1230;
				LastUpgradeCheck = 1230;
				TargetAttributes = {
					91B9F165261FC78F00D16EC2 = {
						CreatedOnToolsVersion = 12.3;
					};
				};
			};
			buildConfigurationList = 91B9F161261FC78F00D16EC2 /* Build configuration list for PBXProject "AUDIOVISUALIZER" */;
			compatibilityVersion = "Xcode 9.3";
			developmentRegion = en;
			hasScannedForEncodings = 0;
			knownRegions = (
				en,
				Base,
			);
			mainGroup = 91B9F15D261FC78E00D16EC2;
			packageReferences = (
				91B9F187261FCAA400D16EC2 /* XCRemoteSwiftPackageReference "AudioKit" */,
			);
			productRefGroup = 91B9F167261FC78F00D16EC2 /* Products */;
			projectDirPath = "";
			projectRoot = "";
			targets = (
				91B9F165261FC78F00D16EC2 /* AUDIOVISUALIZER */,
			);
		};
/* End PBXProject section */

/* Begin PBXResourcesBuildPhase section */
		91B9F164261FC78F00D16EC2 /* Resources */ = {
			isa = PBXResourcesBuildPhase;
			buildActionMask = 2147483647;
			files = (
				91B9F171261FC79300D16EC2 /* Preview Assets.xcassets in Resources */,
				91B9F16E261FC79300D16EC2 /* Assets.xcassets in Resources */,
			);
			runOnlyForDeploymentPostprocessing = 0;
		};
/* End PBXResourcesBuildPhase section */

/* Begin PBXSourcesBuildPhase section */
		91B9F162261FC78F00D16EC2 /* Sources */ = {
			isa = PBXSourcesBuildPhase;
			buildActionMask = 2147483647;
			files = (
				91B9F17D261FC87300D16EC2 /* WhiteOutController.swift in Sources */,
				91B9F16C261FC78F00D16EC2 /* ContentView.swift in Sources */,
				91B9F17A261FC86200D16EC2 /* SpectralView.swift in Sources */,
				91B9F180261FC88E00D16EC2 /* WhiteOutSynth.swift in Sources */,
				91B9F16A261FC78F00D16EC2 /* AUDIOVISUALIZERApp.swift in Sources */,
			);
			runOnlyForDeploymentPostprocessing = 0;
		};
/* End PBXSourcesBuildPhase section */

/* Begin PBXVariantGroup section */
		91B9F183261FC8E900D16EC2 /* Info.plist */ = {
			isa = PBXVariantGroup;
			children = (
				91B9F185261FC92C00D16EC2 /* en */,
			);
			name = Info.plist;
			sourceTree = "<group>";
		};
/* End PBXVariantGroup section */

/* Begin XCBuildConfiguration section */
		91B9F173261FC79300D16EC2 /* Debug */ = {
			isa = XCBuildConfiguration;
			buildSettings = {
				ALWAYS_SEARCH_USER_PATHS = NO;
				CLANG_ANALYZER_NONNULL = YES;
				CLANG_ANALYZER_NUMBER_OBJECT_CONVERSION = YES_AGGRESSIVE;
				CLANG_CXX_LANGUAGE_STANDARD = "gnu++14";
				CLANG_CXX_LIBRARY = "libc++";
				CLANG_ENABLE_MODULES = YES;
				CLANG_ENABLE_OBJC_ARC = YES;
				CLANG_ENABLE_OBJC_WEAK = YES;
				CLANG_WARN_BLOCK_CAPTURE_AUTORELEASING = YES;
				CLANG_WARN_BOOL_CONVERSION = YES;
				CLANG_WARN_COMMA = YES;
				CLANG_WARN_CONSTANT_CONVERSION = YES;
				CLANG_WARN_DEPRECATED_OBJC_IMPLEMENTATIONS = YES;
				CLANG_WARN_DIRECT_OBJC_ISA_USAGE = YES_ERROR;
				CLANG_WARN_DOCUMENTATION_COMMENTS = YES;
				CLANG_WARN_EMPTY_BODY = YES;
				CLANG_WARN_ENUM_CONVERSION = YES;
				CLANG_WARN_INFINITE_RECURSION = YES;
				CLANG_WARN_INT_CONVERSION = YES;
				CLANG_WARN_NON_LITERAL_NULL_CONVERSION = YES;
				CLANG_WARN_OBJC_IMPLICIT_RETAIN_SELF = YES;
				CLANG_WARN_OBJC_LITERAL_CONVERSION = YES;
				CLANG_WARN_OBJC_ROOT_CLASS = YES_ERROR;
				CLANG_WARN_QUOTED_INCLUDE_IN_FRAMEWORK_HEADER = YES;
				CLANG_WARN_RANGE_LOOP_ANALYSIS = YES;
				CLANG_WARN_STRICT_PROTOTYPES = YES;
				CLANG_WARN_SUSPICIOUS_MOVE = YES;
				CLANG_WARN_UNGUARDED_AVAILABILITY = YES_AGGRESSIVE;
				CLANG_WARN_UNREACHABLE_CODE = YES;
				CLANG_WARN__DUPLICATE_METHOD_MATCH = YES;
				COPY_PHASE_STRIP = NO;
				DEBUG_INFORMATION_FORMAT = dwarf;
				ENABLE_STRICT_OBJC_MSGSEND = YES;
				ENABLE_TESTABILITY = YES;
				GCC_C_LANGUAGE_STANDARD = gnu11;
				GCC_DYNAMIC_NO_PIC = NO;
				GCC_NO_COMMON_BLOCKS = YES;
				GCC_OPTIMIZATION_LEVEL = 0;
				GCC_PREPROCESSOR_DEFINITIONS = (
					"DEBUG=1",
					"$(inherited)",
				);
				GCC_WARN_64_TO_32_BIT_CONVERSION = YES;
				GCC_WARN_ABOUT_RETURN_TYPE = YES_ERROR;
				GCC_WARN_UNDECLARED_SELECTOR = YES;
				GCC_WARN_UNINITIALIZED_AUTOS = YES_AGGRESSIVE;
				GCC_WARN_UNUSED_FUNCTION = YES;
				GCC_WARN_UNUSED_VARIABLE = YES;
				IPHONEOS_DEPLOYMENT_TARGET = 14.3;
				MTL_ENABLE_DEBUG_INFO = INCLUDE_SOURCE;
				MTL_FAST_MATH = YES;
				ONLY_ACTIVE_ARCH = YES;
				SDKROOT = iphoneos;
				SWIFT_ACTIVE_COMPILATION_CONDITIONS = DEBUG;
				SWIFT_OPTIMIZATION_LEVEL = "-Onone";
			};
			name = Debug;
		};
		91B9F174261FC79300D16EC2 /* Release */ = {
			isa = XCBuildConfiguration;
			buildSettings = {
				ALWAYS_SEARCH_USER_PATHS = NO;
				CLANG_ANALYZER_NONNULL = YES;
				CLANG_ANALYZER_NUMBER_OBJECT_CONVERSION = YES_AGGRESSIVE;
				CLANG_CXX_LANGUAGE_STANDARD = "gnu++14";
				CLANG_CXX_LIBRARY = "libc++";
				CLANG_ENABLE_MODULES = YES;
				CLANG_ENABLE_OBJC_ARC = YES;
				CLANG_ENABLE_OBJC_WEAK = YES;
				CLANG_WARN_BLOCK_CAPTURE_AUTORELEASING = YES;
				CLANG_WARN_BOOL_CONVERSION = YES;
				CLANG_WARN_COMMA = YES;
				CLANG_WARN_CONSTANT_CONVERSION = YES;
				CLANG_WARN_DEPRECATED_OBJC_IMPLEMENTATIONS = YES;
				CLANG_WARN_DIRECT_OBJC_ISA_USAGE = YES_ERROR;
				CLANG_WARN_DOCUMENTATION_COMMENTS = YES;
				CLANG_WARN_EMPTY_BODY = YES;
				CLANG_WARN_ENUM_CONVERSION = YES;
				CLANG_WARN_INFINITE_RECURSION = YES;
				CLANG_WARN_INT_CONVERSION = YES;
				CLANG_WARN_NON_LITERAL_NULL_CONVERSION = YES;
				CLANG_WARN_OBJC_IMPLICIT_RETAIN_SELF = YES;
				CLANG_WARN_OBJC_LITERAL_CONVERSION = YES;
				CLANG_WARN_OBJC_ROOT_CLASS = YES_ERROR;
				CLANG_WARN_QUOTED_INCLUDE_IN_FRAMEWORK_HEADER = YES;
				CLANG_WARN_RANGE_LOOP_ANALYSIS = YES;
				CLANG_WARN_STRICT_PROTOTYPES = YES;
				CLANG_WARN_SUSPICIOUS_MOVE = YES;
				CLANG_WARN_UNGUARDED_AVAILABILITY = YES_AGGRESSIVE;
				CLANG_WARN_UNREACHABLE_CODE = YES;
				CLANG_WARN__DUPLICATE_METHOD_MATCH = YES;
				COPY_PHASE_STRIP = NO;
				DEBUG_INFORMATION_FORMAT = "dwarf-with-dsym";
				ENABLE_NS_ASSERTIONS = NO;
				ENABLE_STRICT_OBJC_MSGSEND = YES;
				GCC_C_LANGUAGE_STANDARD = gnu11;
				GCC_NO_COMMON_BLOCKS = YES;
				GCC_WARN_64_TO_32_BIT_CONVERSION = YES;
				GCC_WARN_ABOUT_RETURN_TYPE = YES_ERROR;
				GCC_WARN_UNDECLARED_SELECTOR = YES;
				GCC_WARN_UNINITIALIZED_AUTOS = YES_AGGRESSIVE;
				GCC_WARN_UNUSED_FUNCTION = YES;
				GCC_WARN_UNUSED_VARIABLE = YES;
				IPHONEOS_DEPLOYMENT_TARGET = 14.3;
				MTL_ENABLE_DEBUG_INFO = NO;
				MTL_FAST_MATH = YES;
				SDKROOT = iphoneos;
				SWIFT_COMPILATION_MODE = wholemodule;
				SWIFT_OPTIMIZATION_LEVEL = "-O";
				VALIDATE_PRODUCT = YES;
			};
			name = Release;
		};
		91B9F176261FC79300D16EC2 /* Debug */ = {
			isa = XCBuildConfiguration;
			buildSettings = {
				ASSETCATALOG_COMPILER_APPICON_NAME = AppIcon;
				ASSETCATALOG_COMPILER_GLOBAL_ACCENT_COLOR_NAME = AccentColor;
				CODE_SIGN_STYLE = Automatic;
				DEVELOPMENT_ASSET_PATHS = "\"AUDIOVISUALIZER/Preview Content\"";
				DEVELOPMENT_TEAM = 4J2AAR3A49;
				ENABLE_PREVIEWS = YES;
				INFOPLIST_FILE = AUDIOVISUALIZER/Info.plist;
				IPHONEOS_DEPLOYMENT_TARGET = 14.0;
				LD_RUNPATH_SEARCH_PATHS = (
					"$(inherited)",
					"@executable_path/Frameworks",
				);
				PRODUCT_BUNDLE_IDENTIFIER = io.github.dillanhoyos.AUDIOVISUALIZER;
				PRODUCT_NAME = "$(TARGET_NAME)";
				SWIFT_VERSION = 5.0;
				TARGETED_DEVICE_FAMILY = "1,2";
			};
			name = Debug;
		};
		91B9F177261FC79300D16EC2 /* Release */ = {
			isa = XCBuildConfiguration;
			buildSettings = {
				ASSETCATALOG_COMPILER_APPICON_NAME = AppIcon;
				ASSETCATALOG_COMPILER_GLOBAL_ACCENT_COLOR_NAME = AccentColor;
				CODE_SIGN_STYLE = Automatic;
				DEVELOPMENT_ASSET_PATHS = "\"AUDIOVISUALIZER/Preview Content\"";
				DEVELOPMENT_TEAM = 4J2AAR3A49;
				ENABLE_PREVIEWS = YES;
				INFOPLIST_FILE = AUDIOVISUALIZER/Info.plist;
				IPHONEOS_DEPLOYMENT_TARGET = 14.0;
				LD_RUNPATH_SEARCH_PATHS = (
					"$(inherited)",
					"@executable_path/Frameworks",
				);
				PRODUCT_BUNDLE_IDENTIFIER = io.github.dillanhoyos.AUDIOVISUALIZER;
				PRODUCT_NAME = "$(TARGET_NAME)";
				SWIFT_VERSION = 5.0;
				TARGETED_DEVICE_FAMILY = "1,2";
			};
			name = Release;
		};
/* End XCBuildConfiguration section */

/* Begin XCConfigurationList section */
		91B9F161261FC78F00D16EC2 /* Build configuration list for PBXProject "AUDIOVISUALIZER" */ = {
			isa = XCConfigurationList;
			buildConfigurations = (
				91B9F173261FC79300D16EC2 /* Debug */,
				91B9F174261FC79300D16EC2 /* Release */,
			);
			defaultConfigurationIsVisible = 0;
			defaultConfigurationName = Release;
		};
		91B9F175261FC79300D16EC2 /* Build configuration list for PBXNativeTarget "AUDIOVISUALIZER" */ = {
			isa = XCConfigurationList;
			buildConfigurations = (
				91B9F176261FC79300D16EC2 /* Debug */,
				91B9F177261FC79300D16EC2 /* Release */,
			);
			defaultConfigurationIsVisible = 0;
			defaultConfigurationName = Release;
		};
/* End XCConfigurationList section */

/* Begin XCRemoteSwiftPackageReference section */
		91B9F187261FCAA400D16EC2 /* XCRemoteSwiftPackageReference "AudioKit" */ = {
			isa = XCRemoteSwiftPackageReference;
			repositoryURL = "https://github.com/AudioKit/AudioKit";
			requirement = {
				branch = "v5-main";
				kind = branch;
			};
		};
/* End XCRemoteSwiftPackageReference section */

/* Begin XCSwiftPackageProductDependency section */
		91B9F188261FCAA400D16EC2 /* AudioKit */ = {
			isa = XCSwiftPackageProductDependency;
			package = 91B9F187261FCAA400D16EC2 /* XCRemoteSwiftPackageReference "AudioKit" */;
			productName = AudioKit;
		};
/* End XCSwiftPackageProductDependency section */
	};
	rootObject = 91B9F15E261FC78F00D16EC2 /* Project object */;
}
